// !$*UTF8*$!
{
	archiveVersion = 1;
	classes = {
	};
	objectVersion = 46;
	objects = {

/* Begin PBXBuildFile section */
		44C71353DA56C0AAB9B56F9C /* Pods_SwineReaderTests.framework in Frameworks */ = {isa = PBXBuildFile; fileRef = 2654AE98FB401DD9B783DEEA /* Pods_SwineReaderTests.framework */; };
		B32659991F4CC4B2005CEF01 /* AppDelegate.swift in Sources */ = {isa = PBXBuildFile; fileRef = B32659981F4CC4B2005CEF01 /* AppDelegate.swift */; };
		B326599B1F4CC4B2005CEF01 /* ViewController.swift in Sources */ = {isa = PBXBuildFile; fileRef = B326599A1F4CC4B2005CEF01 /* ViewController.swift */; };
		B326599E1F4CC4B2005CEF01 /* Main.storyboard in Resources */ = {isa = PBXBuildFile; fileRef = B326599C1F4CC4B2005CEF01 /* Main.storyboard */; };
		B32659A01F4CC4B2005CEF01 /* Assets.xcassets in Resources */ = {isa = PBXBuildFile; fileRef = B326599F1F4CC4B2005CEF01 /* Assets.xcassets */; };
		B32659A31F4CC4B2005CEF01 /* LaunchScreen.storyboard in Resources */ = {isa = PBXBuildFile; fileRef = B32659A11F4CC4B2005CEF01 /* LaunchScreen.storyboard */; };
		B32659AE1F4CC4B2005CEF01 /* SwineReaderTests.swift in Sources */ = {isa = PBXBuildFile; fileRef = B32659AD1F4CC4B2005CEF01 /* SwineReaderTests.swift */; };
		B32659B81F4E1992005CEF01 /* ViewController.swift in Sources */ = {isa = PBXBuildFile; fileRef = B326599A1F4CC4B2005CEF01 /* ViewController.swift */; };
		D7F20D2E1A7228A26FA79F45 /* Pods_SwineReader.framework in Frameworks */ = {isa = PBXBuildFile; fileRef = F9C8050B4B684E138999FC77 /* Pods_SwineReader.framework */; };
/* End PBXBuildFile section */

/* Begin PBXContainerItemProxy section */
		B32659AA1F4CC4B2005CEF01 /* PBXContainerItemProxy */ = {
			isa = PBXContainerItemProxy;
			containerPortal = B326598D1F4CC4B2005CEF01 /* Project object */;
			proxyType = 1;
			remoteGlobalIDString = B32659941F4CC4B2005CEF01;
			remoteInfo = SwineReader;
		};
/* End PBXContainerItemProxy section */

/* Begin PBXFileReference section */
		2654AE98FB401DD9B783DEEA /* Pods_SwineReaderTests.framework */ = {isa = PBXFileReference; explicitFileType = wrapper.framework; includeInIndex = 0; path = Pods_SwineReaderTests.framework; sourceTree = BUILT_PRODUCTS_DIR; };
		471F7209D1F90519BDF4927F /* Pods-SwineReader.debug.xcconfig */ = {isa = PBXFileReference; includeInIndex = 1; lastKnownFileType = text.xcconfig; name = "Pods-SwineReader.debug.xcconfig"; path = "Pods/Target Support Files/Pods-SwineReader/Pods-SwineReader.debug.xcconfig"; sourceTree = "<group>"; };
		6C7E9A1E01A5DC0F60D4C0D9 /* Pods-SwineReader.release.xcconfig */ = {isa = PBXFileReference; includeInIndex = 1; lastKnownFileType = text.xcconfig; name = "Pods-SwineReader.release.xcconfig"; path = "Pods/Target Support Files/Pods-SwineReader/Pods-SwineReader.release.xcconfig"; sourceTree = "<group>"; };
		B32659951F4CC4B2005CEF01 /* SwineReader.app */ = {isa = PBXFileReference; explicitFileType = wrapper.application; includeInIndex = 0; path = SwineReader.app; sourceTree = BUILT_PRODUCTS_DIR; };
		B32659981F4CC4B2005CEF01 /* AppDelegate.swift */ = {isa = PBXFileReference; lastKnownFileType = sourcecode.swift; path = AppDelegate.swift; sourceTree = "<group>"; };
		B326599A1F4CC4B2005CEF01 /* ViewController.swift */ = {isa = PBXFileReference; lastKnownFileType = sourcecode.swift; path = ViewController.swift; sourceTree = "<group>"; };
		B326599D1F4CC4B2005CEF01 /* Base */ = {isa = PBXFileReference; lastKnownFileType = file.storyboard; name = Base; path = Base.lproj/Main.storyboard; sourceTree = "<group>"; };
		B326599F1F4CC4B2005CEF01 /* Assets.xcassets */ = {isa = PBXFileReference; lastKnownFileType = folder.assetcatalog; path = Assets.xcassets; sourceTree = "<group>"; };
		B32659A21F4CC4B2005CEF01 /* Base */ = {isa = PBXFileReference; lastKnownFileType = file.storyboard; name = Base; path = Base.lproj/LaunchScreen.storyboard; sourceTree = "<group>"; };
		B32659A41F4CC4B2005CEF01 /* Info.plist */ = {isa = PBXFileReference; lastKnownFileType = text.plist.xml; path = Info.plist; sourceTree = "<group>"; };
		B32659A91F4CC4B2005CEF01 /* SwineReaderTests.xctest */ = {isa = PBXFileReference; explicitFileType = wrapper.cfbundle; includeInIndex = 0; path = SwineReaderTests.xctest; sourceTree = BUILT_PRODUCTS_DIR; };
		B32659AD1F4CC4B2005CEF01 /* SwineReaderTests.swift */ = {isa = PBXFileReference; lastKnownFileType = sourcecode.swift; path = SwineReaderTests.swift; sourceTree = "<group>"; };
		B32659AF1F4CC4B2005CEF01 /* Info.plist */ = {isa = PBXFileReference; lastKnownFileType = text.plist.xml; path = Info.plist; sourceTree = "<group>"; };
		DF9581CBC76582025D14508B /* Pods-SwineReaderTests.release.xcconfig */ = {isa = PBXFileReference; includeInIndex = 1; lastKnownFileType = text.xcconfig; name = "Pods-SwineReaderTests.release.xcconfig"; path = "Pods/Target Support Files/Pods-SwineReaderTests/Pods-SwineReaderTests.release.xcconfig"; sourceTree = "<group>"; };
		F9C8050B4B684E138999FC77 /* Pods_SwineReader.framework */ = {isa = PBXFileReference; explicitFileType = wrapper.framework; includeInIndex = 0; path = Pods_SwineReader.framework; sourceTree = BUILT_PRODUCTS_DIR; };
		F9E556A6E3908FEF410D7519 /* Pods-SwineReaderTests.debug.xcconfig */ = {isa = PBXFileReference; includeInIndex = 1; lastKnownFileType = text.xcconfig; name = "Pods-SwineReaderTests.debug.xcconfig"; path = "Pods/Target Support Files/Pods-SwineReaderTests/Pods-SwineReaderTests.debug.xcconfig"; sourceTree = "<group>"; };
/* End PBXFileReference section */

/* Begin PBXFrameworksBuildPhase section */
		B32659921F4CC4B2005CEF01 /* Frameworks */ = {
			isa = PBXFrameworksBuildPhase;
			buildActionMask = 2147483647;
			files = (
				D7F20D2E1A7228A26FA79F45 /* Pods_SwineReader.framework in Frameworks */,
			);
			runOnlyForDeploymentPostprocessing = 0;
		};
		B32659A61F4CC4B2005CEF01 /* Frameworks */ = {
			isa = PBXFrameworksBuildPhase;
			buildActionMask = 2147483647;
			files = (
				44C71353DA56C0AAB9B56F9C /* Pods_SwineReaderTests.framework in Frameworks */,
			);
			runOnlyForDeploymentPostprocessing = 0;
		};
/* End PBXFrameworksBuildPhase section */

/* Begin PBXGroup section */
		64193D600699A4360FD702FE /* Frameworks */ = {
			isa = PBXGroup;
			children = (
				F9C8050B4B684E138999FC77 /* Pods_SwineReader.framework */,
				2654AE98FB401DD9B783DEEA /* Pods_SwineReaderTests.framework */,
			);
			name = Frameworks;
			sourceTree = "<group>";
		};
		B326598C1F4CC4B2005CEF01 = {
			isa = PBXGroup;
			children = (
				B32659971F4CC4B2005CEF01 /* SwineReader */,
				B32659AC1F4CC4B2005CEF01 /* SwineReaderTests */,
				B32659961F4CC4B2005CEF01 /* Products */,
				C40A0F76226071AF7F8023D0 /* Pods */,
				64193D600699A4360FD702FE /* Frameworks */,
			);
			sourceTree = "<group>";
		};
		B32659961F4CC4B2005CEF01 /* Products */ = {
			isa = PBXGroup;
			children = (
				B32659951F4CC4B2005CEF01 /* SwineReader.app */,
				B32659A91F4CC4B2005CEF01 /* SwineReaderTests.xctest */,
			);
			name = Products;
			sourceTree = "<group>";
		};
		B32659971F4CC4B2005CEF01 /* SwineReader */ = {
			isa = PBXGroup;
			children = (
				B32659981F4CC4B2005CEF01 /* AppDelegate.swift */,
				B326599A1F4CC4B2005CEF01 /* ViewController.swift */,
				B326599C1F4CC4B2005CEF01 /* Main.storyboard */,
				B326599F1F4CC4B2005CEF01 /* Assets.xcassets */,
				B32659A11F4CC4B2005CEF01 /* LaunchScreen.storyboard */,
				B32659A41F4CC4B2005CEF01 /* Info.plist */,
			);
			path = SwineReader;
			sourceTree = "<group>";
		};
		B32659AC1F4CC4B2005CEF01 /* SwineReaderTests */ = {
			isa = PBXGroup;
			children = (
				B32659AD1F4CC4B2005CEF01 /* SwineReaderTests.swift */,
				B32659AF1F4CC4B2005CEF01 /* Info.plist */,
			);
			path = SwineReaderTests;
			sourceTree = "<group>";
		};
		C40A0F76226071AF7F8023D0 /* Pods */ = {
			isa = PBXGroup;
			children = (
				471F7209D1F90519BDF4927F /* Pods-SwineReader.debug.xcconfig */,
				6C7E9A1E01A5DC0F60D4C0D9 /* Pods-SwineReader.release.xcconfig */,
				F9E556A6E3908FEF410D7519 /* Pods-SwineReaderTests.debug.xcconfig */,
				DF9581CBC76582025D14508B /* Pods-SwineReaderTests.release.xcconfig */,
			);
			name = Pods;
			sourceTree = "<group>";
		};
/* End PBXGroup section */

/* Begin PBXNativeTarget section */
		B32659941F4CC4B2005CEF01 /* SwineReader */ = {
			isa = PBXNativeTarget;
			buildConfigurationList = B32659B21F4CC4B2005CEF01 /* Build configuration list for PBXNativeTarget "SwineReader" */;
			buildPhases = (
				1DE2BC5FA273478D147428D2 /* [CP] Check Pods Manifest.lock */,
				B32659911F4CC4B2005CEF01 /* Sources */,
				B32659921F4CC4B2005CEF01 /* Frameworks */,
				B32659931F4CC4B2005CEF01 /* Resources */,
				D29B58ED40DC8BF7637AAE5C /* [CP] Embed Pods Frameworks */,
				8B9FE00A7EBE24BB6280FFA8 /* [CP] Copy Pods Resources */,
			);
			buildRules = (
			);
			dependencies = (
			);
			name = SwineReader;
			productName = SwineReader;
			productReference = B32659951F4CC4B2005CEF01 /* SwineReader.app */;
			productType = "com.apple.product-type.application";
		};
		B32659A81F4CC4B2005CEF01 /* SwineReaderTests */ = {
			isa = PBXNativeTarget;
			buildConfigurationList = B32659B51F4CC4B2005CEF01 /* Build configuration list for PBXNativeTarget "SwineReaderTests" */;
			buildPhases = (
				E9B353BBA73ACC997765A4C2 /* [CP] Check Pods Manifest.lock */,
				B32659A51F4CC4B2005CEF01 /* Sources */,
				B32659A61F4CC4B2005CEF01 /* Frameworks */,
				B32659A71F4CC4B2005CEF01 /* Resources */,
				FF4FB56028C9B946ABCE162C /* [CP] Embed Pods Frameworks */,
				F50DB964302CBF27F96A0248 /* [CP] Copy Pods Resources */,
			);
			buildRules = (
			);
			dependencies = (
				B32659AB1F4CC4B2005CEF01 /* PBXTargetDependency */,
			);
			name = SwineReaderTests;
			productName = SwineReaderTests;
			productReference = B32659A91F4CC4B2005CEF01 /* SwineReaderTests.xctest */;
			productType = "com.apple.product-type.bundle.unit-test";
		};
/* End PBXNativeTarget section */

/* Begin PBXProject section */
		B326598D1F4CC4B2005CEF01 /* Project object */ = {
			isa = PBXProject;
			attributes = {
				LastSwiftUpdateCheck = 0830;
				LastUpgradeCheck = 0830;
				ORGANIZATIONNAME = "Swine Reader Community";
				TargetAttributes = {
					B32659941F4CC4B2005CEF01 = {
						CreatedOnToolsVersion = 8.3.3;
						ProvisioningStyle = Automatic;
					};
					B32659A81F4CC4B2005CEF01 = {
						CreatedOnToolsVersion = 8.3.3;
						ProvisioningStyle = Automatic;
						TestTargetID = B32659941F4CC4B2005CEF01;
					};
				};
			};
			buildConfigurationList = B32659901F4CC4B2005CEF01 /* Build configuration list for PBXProject "SwineReader" */;
			compatibilityVersion = "Xcode 3.2";
			developmentRegion = English;
			hasScannedForEncodings = 0;
			knownRegions = (
				en,
				Base,
			);
			mainGroup = B326598C1F4CC4B2005CEF01;
			productRefGroup = B32659961F4CC4B2005CEF01 /* Products */;
			projectDirPath = "";
			projectRoot = "";
			targets = (
				B32659941F4CC4B2005CEF01 /* SwineReader */,
				B32659A81F4CC4B2005CEF01 /* SwineReaderTests */,
			);
		};
/* End PBXProject section */

/* Begin PBXResourcesBuildPhase section */
		B32659931F4CC4B2005CEF01 /* Resources */ = {
			isa = PBXResourcesBuildPhase;
			buildActionMask = 2147483647;
			files = (
				B32659A31F4CC4B2005CEF01 /* LaunchScreen.storyboard in Resources */,
				B32659A01F4CC4B2005CEF01 /* Assets.xcassets in Resources */,
				B326599E1F4CC4B2005CEF01 /* Main.storyboard in Resources */,
			);
			runOnlyForDeploymentPostprocessing = 0;
		};
		B32659A71F4CC4B2005CEF01 /* Resources */ = {
			isa = PBXResourcesBuildPhase;
			buildActionMask = 2147483647;
			files = (
			);
			runOnlyForDeploymentPostprocessing = 0;
		};
/* End PBXResourcesBuildPhase section */

/* Begin PBXShellScriptBuildPhase section */
		1DE2BC5FA273478D147428D2 /* [CP] Check Pods Manifest.lock */ = {
			isa = PBXShellScriptBuildPhase;
			buildActionMask = 2147483647;
			files = (
			);
			inputPaths = (
			);
			name = "[CP] Check Pods Manifest.lock";
			outputPaths = (
			);
			runOnlyForDeploymentPostprocessing = 0;
			shellPath = /bin/sh;
			shellScript = "diff \"${PODS_PODFILE_DIR_PATH}/Podfile.lock\" \"${PODS_ROOT}/Manifest.lock\" > /dev/null\nif [ $? != 0 ] ; then\n    # print error to STDERR\n    echo \"error: The sandbox is not in sync with the Podfile.lock. Run 'pod install' or update your CocoaPods installation.\" >&2\n    exit 1\nfi\n";
			showEnvVarsInLog = 0;
		};
		8B9FE00A7EBE24BB6280FFA8 /* [CP] Copy Pods Resources */ = {
			isa = PBXShellScriptBuildPhase;
			buildActionMask = 2147483647;
			files = (
			);
			inputPaths = (
			);
			name = "[CP] Copy Pods Resources";
			outputPaths = (
			);
			runOnlyForDeploymentPostprocessing = 0;
			shellPath = /bin/sh;
			shellScript = "\"${SRCROOT}/Pods/Target Support Files/Pods-SwineReader/Pods-SwineReader-resources.sh\"\n";
			showEnvVarsInLog = 0;
		};
		D29B58ED40DC8BF7637AAE5C /* [CP] Embed Pods Frameworks */ = {
			isa = PBXShellScriptBuildPhase;
			buildActionMask = 2147483647;
			files = (
			);
			inputPaths = (
			);
			name = "[CP] Embed Pods Frameworks";
			outputPaths = (
			);
			runOnlyForDeploymentPostprocessing = 0;
			shellPath = /bin/sh;
			shellScript = "\"${SRCROOT}/Pods/Target Support Files/Pods-SwineReader/Pods-SwineReader-frameworks.sh\"\n";
			showEnvVarsInLog = 0;
		};
		E9B353BBA73ACC997765A4C2 /* [CP] Check Pods Manifest.lock */ = {
			isa = PBXShellScriptBuildPhase;
			buildActionMask = 2147483647;
			files = (
			);
			inputPaths = (
			);
			name = "[CP] Check Pods Manifest.lock";
			outputPaths = (
			);
			runOnlyForDeploymentPostprocessing = 0;
			shellPath = /bin/sh;
			shellScript = "diff \"${PODS_PODFILE_DIR_PATH}/Podfile.lock\" \"${PODS_ROOT}/Manifest.lock\" > /dev/null\nif [ $? != 0 ] ; then\n    # print error to STDERR\n    echo \"error: The sandbox is not in sync with the Podfile.lock. Run 'pod install' or update your CocoaPods installation.\" >&2\n    exit 1\nfi\n";
			showEnvVarsInLog = 0;
		};
		F50DB964302CBF27F96A0248 /* [CP] Copy Pods Resources */ = {
			isa = PBXShellScriptBuildPhase;
			buildActionMask = 2147483647;
			files = (
			);
			inputPaths = (
			);
			name = "[CP] Copy Pods Resources";
			outputPaths = (
			);
			runOnlyForDeploymentPostprocessing = 0;
			shellPath = /bin/sh;
			shellScript = "\"${SRCROOT}/Pods/Target Support Files/Pods-SwineReaderTests/Pods-SwineReaderTests-resources.sh\"\n";
			showEnvVarsInLog = 0;
		};
		FF4FB56028C9B946ABCE162C /* [CP] Embed Pods Frameworks */ = {
			isa = PBXShellScriptBuildPhase;
			buildActionMask = 2147483647;
			files = (
			);
			inputPaths = (
			);
			name = "[CP] Embed Pods Frameworks";
			outputPaths = (
			);
			runOnlyForDeploymentPostprocessing = 0;
			shellPath = /bin/sh;
			shellScript = "\"${SRCROOT}/Pods/Target Support Files/Pods-SwineReaderTests/Pods-SwineReaderTests-frameworks.sh\"\n";
			showEnvVarsInLog = 0;
		};
/* End PBXShellScriptBuildPhase section */

/* Begin PBXSourcesBuildPhase section */
		B32659911F4CC4B2005CEF01 /* Sources */ = {
			isa = PBXSourcesBuildPhase;
			buildActionMask = 2147483647;
			files = (
				B326599B1F4CC4B2005CEF01 /* ViewController.swift in Sources */,
				B32659991F4CC4B2005CEF01 /* AppDelegate.swift in Sources */,
			);
			runOnlyForDeploymentPostprocessing = 0;
		};
		B32659A51F4CC4B2005CEF01 /* Sources */ = {
			isa = PBXSourcesBuildPhase;
			buildActionMask = 2147483647;
			files = (
				B32659B81F4E1992005CEF01 /* ViewController.swift in Sources */,
				B32659AE1F4CC4B2005CEF01 /* SwineReaderTests.swift in Sources */,
			);
			runOnlyForDeploymentPostprocessing = 0;
		};
/* End PBXSourcesBuildPhase section */

/* Begin PBXTargetDependency section */
		B32659AB1F4CC4B2005CEF01 /* PBXTargetDependency */ = {
			isa = PBXTargetDependency;
			target = B32659941F4CC4B2005CEF01 /* SwineReader */;
			targetProxy = B32659AA1F4CC4B2005CEF01 /* PBXContainerItemProxy */;
		};
/* End PBXTargetDependency section */

/* Begin PBXVariantGroup section */
		B326599C1F4CC4B2005CEF01 /* Main.storyboard */ = {
			isa = PBXVariantGroup;
			children = (
				B326599D1F4CC4B2005CEF01 /* Base */,
			);
			name = Main.storyboard;
			sourceTree = "<group>";
		};
		B32659A11F4CC4B2005CEF01 /* LaunchScreen.storyboard */ = {
			isa = PBXVariantGroup;
			children = (
				B32659A21F4CC4B2005CEF01 /* Base */,
			);
			name = LaunchScreen.storyboard;
			sourceTree = "<group>";
		};
/* End PBXVariantGroup section */

/* Begin XCBuildConfiguration section */
		B32659B01F4CC4B2005CEF01 /* Debug */ = {
			isa = XCBuildConfiguration;
			buildSettings = {
				ALWAYS_SEARCH_USER_PATHS = NO;
				CLANG_ANALYZER_NONNULL = YES;
				CLANG_ANALYZER_NUMBER_OBJECT_CONVERSION = YES_AGGRESSIVE;
				CLANG_CXX_LANGUAGE_STANDARD = "gnu++0x";
				CLANG_CXX_LIBRARY = "libc++";
				CLANG_ENABLE_MODULES = YES;
				CLANG_ENABLE_OBJC_ARC = YES;
				CLANG_WARN_BOOL_CONVERSION = YES;
				CLANG_WARN_CONSTANT_CONVERSION = YES;
				CLANG_WARN_DIRECT_OBJC_ISA_USAGE = YES_ERROR;
				CLANG_WARN_DOCUMENTATION_COMMENTS = YES;
				CLANG_WARN_EMPTY_BODY = YES;
				CLANG_WARN_ENUM_CONVERSION = YES;
				CLANG_WARN_INFINITE_RECURSION = YES;
				CLANG_WARN_INT_CONVERSION = YES;
				CLANG_WARN_OBJC_ROOT_CLASS = YES_ERROR;
				CLANG_WARN_SUSPICIOUS_MOVE = YES;
				CLANG_WARN_UNREACHABLE_CODE = YES;
				CLANG_WARN__DUPLICATE_METHOD_MATCH = YES;
				"CODE_SIGN_IDENTITY[sdk=iphoneos*]" = "iPhone Developer";
				COPY_PHASE_STRIP = NO;
				DEBUG_INFORMATION_FORMAT = dwarf;
				ENABLE_STRICT_OBJC_MSGSEND = YES;
				ENABLE_TESTABILITY = YES;
				GCC_C_LANGUAGE_STANDARD = gnu99;
				GCC_DYNAMIC_NO_PIC = NO;
				GCC_NO_COMMON_BLOCKS = YES;
				GCC_OPTIMIZATION_LEVEL = 0;
				GCC_PREPROCESSOR_DEFINITIONS = (
					"DEBUG=1",
					"$(inherited)",
				);
				GCC_WARN_64_TO_32_BIT_CONVERSION = YES;
				GCC_WARN_ABOUT_RETURN_TYPE = YES_ERROR;
				GCC_WARN_UNDECLARED_SELECTOR = YES;
				GCC_WARN_UNINITIALIZED_AUTOS = YES_AGGRESSIVE;
				GCC_WARN_UNUSED_FUNCTION = YES;
				GCC_WARN_UNUSED_VARIABLE = YES;
				IPHONEOS_DEPLOYMENT_TARGET = 10.3;
				MTL_ENABLE_DEBUG_INFO = YES;
				ONLY_ACTIVE_ARCH = YES;
				SDKROOT = iphoneos;
				SWIFT_ACTIVE_COMPILATION_CONDITIONS = DEBUG;
				SWIFT_OPTIMIZATION_LEVEL = "-Onone";
				TARGETED_DEVICE_FAMILY = "1,2";
			};
			name = Debug;
		};
		B32659B11F4CC4B2005CEF01 /* Release */ = {
			isa = XCBuildConfiguration;
			buildSettings = {
				ALWAYS_SEARCH_USER_PATHS = NO;
				CLANG_ANALYZER_NONNULL = YES;
				CLANG_ANALYZER_NUMBER_OBJECT_CONVERSION = YES_AGGRESSIVE;
				CLANG_CXX_LANGUAGE_STANDARD = "gnu++0x";
				CLANG_CXX_LIBRARY = "libc++";
				CLANG_ENABLE_MODULES = YES;
				CLANG_ENABLE_OBJC_ARC = YES;
				CLANG_WARN_BOOL_CONVERSION = YES;
				CLANG_WARN_CONSTANT_CONVERSION = YES;
				CLANG_WARN_DIRECT_OBJC_ISA_USAGE = YES_ERROR;
				CLANG_WARN_DOCUMENTATION_COMMENTS = YES;
				CLANG_WARN_EMPTY_BODY = YES;
				CLANG_WARN_ENUM_CONVERSION = YES;
				CLANG_WARN_INFINITE_RECURSION = YES;
				CLANG_WARN_INT_CONVERSION = YES;
				CLANG_WARN_OBJC_ROOT_CLASS = YES_ERROR;
				CLANG_WARN_SUSPICIOUS_MOVE = YES;
				CLANG_WARN_UNREACHABLE_CODE = YES;
				CLANG_WARN__DUPLICATE_METHOD_MATCH = YES;
				"CODE_SIGN_IDENTITY[sdk=iphoneos*]" = "iPhone Developer";
				COPY_PHASE_STRIP = NO;
				DEBUG_INFORMATION_FORMAT = "dwarf-with-dsym";
				ENABLE_NS_ASSERTIONS = NO;
				ENABLE_STRICT_OBJC_MSGSEND = YES;
				GCC_C_LANGUAGE_STANDARD = gnu99;
				GCC_NO_COMMON_BLOCKS = YES;
				GCC_WARN_64_TO_32_BIT_CONVERSION = YES;
				GCC_WARN_ABOUT_RETURN_TYPE = YES_ERROR;
				GCC_WARN_UNDECLARED_SELECTOR = YES;
				GCC_WARN_UNINITIALIZED_AUTOS = YES_AGGRESSIVE;
				GCC_WARN_UNUSED_FUNCTION = YES;
				GCC_WARN_UNUSED_VARIABLE = YES;
				IPHONEOS_DEPLOYMENT_TARGET = 10.3;
				MTL_ENABLE_DEBUG_INFO = NO;
				SDKROOT = iphoneos;
				SWIFT_OPTIMIZATION_LEVEL = "-Owholemodule";
				TARGETED_DEVICE_FAMILY = "1,2";
				VALIDATE_PRODUCT = YES;
			};
			name = Release;
		};
		B32659B31F4CC4B2005CEF01 /* Debug */ = {
			isa = XCBuildConfiguration;
			baseConfigurationReference = 471F7209D1F90519BDF4927F /* Pods-SwineReader.debug.xcconfig */;
			buildSettings = {
				ASSETCATALOG_COMPILER_APPICON_NAME = AppIcon;
				INFOPLIST_FILE = SwineReader/Info.plist;
				IPHONEOS_DEPLOYMENT_TARGET = 8.0;
				LD_RUNPATH_SEARCH_PATHS = "$(inherited) @executable_path/Frameworks";
				PRODUCT_BUNDLE_IDENTIFIER = org.superarts.swine.SwineReader;
				PRODUCT_NAME = "$(TARGET_NAME)";
				SWIFT_VERSION = 3.0;
			};
			name = Debug;
		};
		B32659B41F4CC4B2005CEF01 /* Release */ = {
			isa = XCBuildConfiguration;
			baseConfigurationReference = 6C7E9A1E01A5DC0F60D4C0D9 /* Pods-SwineReader.release.xcconfig */;
			buildSettings = {
				ASSETCATALOG_COMPILER_APPICON_NAME = AppIcon;
				INFOPLIST_FILE = SwineReader/Info.plist;
				IPHONEOS_DEPLOYMENT_TARGET = 8.0;
				LD_RUNPATH_SEARCH_PATHS = "$(inherited) @executable_path/Frameworks";
				PRODUCT_BUNDLE_IDENTIFIER = org.superarts.swine.SwineReader;
				PRODUCT_NAME = "$(TARGET_NAME)";
				SWIFT_VERSION = 3.0;
			};
			name = Release;
		};
		B32659B61F4CC4B2005CEF01 /* Debug */ = {
			isa = XCBuildConfiguration;
			baseConfigurationReference = F9E556A6E3908FEF410D7519 /* Pods-SwineReaderTests.debug.xcconfig */;
			buildSettings = {
				ALWAYS_EMBED_SWIFT_STANDARD_LIBRARIES = YES;
				BUNDLE_LOADER = "$(TEST_HOST)";
				INFOPLIST_FILE = SwineReaderTests/Info.plist;
				LD_RUNPATH_SEARCH_PATHS = "$(inherited) @executable_path/Frameworks @loader_path/Frameworks";
				PRODUCT_BUNDLE_IDENTIFIER = org.superarts.swine.SwineReaderTests;
				PRODUCT_NAME = "$(TARGET_NAME)";
				SWIFT_VERSION = 3.0;
				TEST_HOST = "$(BUILT_PRODUCTS_DIR)/SwineReader.app/SwineReader";
			};
			name = Debug;
		};
		B32659B71F4CC4B2005CEF01 /* Release */ = {
			isa = XCBuildConfiguration;
			baseConfigurationReference = DF9581CBC76582025D14508B /* Pods-SwineReaderTests.release.xcconfig */;
			buildSettings = {
				ALWAYS_EMBED_SWIFT_STANDARD_LIBRARIES = YES;
				BUNDLE_LOADER = "$(TEST_HOST)";
				INFOPLIST_FILE = SwineReaderTests/Info.plist;
				LD_RUNPATH_SEARCH_PATHS = "$(inherited) @executable_path/Frameworks @loader_path/Frameworks";
				PRODUCT_BUNDLE_IDENTIFIER = org.superarts.swine.SwineReaderTests;
				PRODUCT_NAME = "$(TARGET_NAME)";
				SWIFT_VERSION = 3.0;
				TEST_HOST = "$(BUILT_PRODUCTS_DIR)/SwineReader.app/SwineReader";
			};
			name = Release;
		};
/* End XCBuildConfiguration section */

/* Begin XCConfigurationList section */
		B32659901F4CC4B2005CEF01 /* Build configuration list for PBXProject "SwineReader" */ = {
			isa = XCConfigurationList;
			buildConfigurations = (
				B32659B01F4CC4B2005CEF01 /* Debug */,
				B32659B11F4CC4B2005CEF01 /* Release */,
			);
			defaultConfigurationIsVisible = 0;
			defaultConfigurationName = Release;
		};
		B32659B21F4CC4B2005CEF01 /* Build configuration list for PBXNativeTarget "SwineReader" */ = {
			isa = XCConfigurationList;
			buildConfigurations = (
				B32659B31F4CC4B2005CEF01 /* Debug */,
				B32659B41F4CC4B2005CEF01 /* Release */,
			);
			defaultConfigurationIsVisible = 0;
			defaultConfigurationName = Release;
		};
		B32659B51F4CC4B2005CEF01 /* Build configuration list for PBXNativeTarget "SwineReaderTests" */ = {
			isa = XCConfigurationList;
			buildConfigurations = (
				B32659B61F4CC4B2005CEF01 /* Debug */,
				B32659B71F4CC4B2005CEF01 /* Release */,
			);
			defaultConfigurationIsVisible = 0;
			defaultConfigurationName = Release;
		};
/* End XCConfigurationList section */
	};
	rootObject = B326598D1F4CC4B2005CEF01 /* Project object */;
}
